
Microsoft Visual Studio Solution File, Format Version 12.00
# Visual Studio Version 17
VisualStudioVersion = 17.4.33122.133
MinimumVisualStudioVersion = 10.0.40219.1
Project("{FAE04EC0-301F-11D3-BF4B-00C04F79EFBC}") = "SwissQrCodeGeneratorCLI", "SwissQrCodeGeneratorCLI\SwissQrCodeGeneratorCLI.csproj", "{F2A11F4B-B619-4865-B37B-0832B38813C6}"
EndProject
Global
	GlobalSection(SolutionConfigurationPlatforms) = preSolution
		Debug|Any CPU = Debug|Any CPU
		Release|Any CPU = Release|Any CPU
	EndGlobalSection
	GlobalSection(ProjectConfigurationPlatforms) = postSolution
		{F2A11F4B-B619-4865-B37B-0832B38813C6}.Debug|Any CPU.ActiveCfg = Debug|Any CPU
		{F2A11F4B-B619-4865-B37B-0832B38813C6}.Debug|Any CPU.Build.0 = Debug|Any CPU
		{F2A11F4B-B619-4865-B37B-0832B38813C6}.Release|Any CPU.ActiveCfg = Release|Any CPU
		{F2A11F4B-B619-4865-B37B-0832B38813C6}.Release|Any CPU.Build.0 = Release|Any CPU
	EndGlobalSection
	GlobalSection(SolutionProperties) = preSolution
		HideSolutionNode = FALSE
	EndGlobalSection
	GlobalSection(ExtensibilityGlobals) = postSolution
		SolutionGuid = {148FF72F-64A4-4B97-A8DC-064A5D072A56}
	EndGlobalSection
EndGlobal
